
Microsoft Visual Studio Solution File, Format Version 12.00
# Visual Studio Version 17
VisualStudioVersion = 17.0.31903.59
MinimumVisualStudioVersion = 10.0.40219.1
Project("{FAE04EC0-301F-11D3-BF4B-00C04F79EFBC}") = "CortexAudio.Capture", "CortexAudio.Capture\CortexAudio.Capture.csproj", "{84D6275B-C8B9-4358-BE85-3057BA0DBEC0}"
EndProject
Project("{FAE04EC0-301F-11D3-BF4B-00C04F79EFBC}") = "CortexAudio.Capture.Tests", "CortexAudio.Capture.Tests\CortexAudio.Capture.Tests.csproj", "{A1F2409B-047E-4D0F-9B91-DBA68E4A7543}"
EndProject
Global
	GlobalSection(SolutionConfigurationPlatforms) = preSolution
		Debug|Any CPU = Debug|Any CPU
		Release|Any CPU = Release|Any CPU
	EndGlobalSection
	GlobalSection(SolutionProperties) = preSolution
		HideSolutionNode = FALSE
	EndGlobalSection
	GlobalSection(ProjectConfigurationPlatforms) = postSolution
		{84D6275B-C8B9-4358-BE85-3057BA0DBEC0}.Debug|Any CPU.ActiveCfg = Debug|Any CPU
		{84D6275B-C8B9-4358-BE85-3057BA0DBEC0}.Debug|Any CPU.Build.0 = Debug|Any CPU
		{84D6275B-C8B9-4358-BE85-3057BA0DBEC0}.Release|Any CPU.ActiveCfg = Release|Any CPU
		{84D6275B-C8B9-4358-BE85-3057BA0DBEC0}.Release|Any CPU.Build.0 = Release|Any CPU
		{A1F2409B-047E-4D0F-9B91-DBA68E4A7543}.Debug|Any CPU.ActiveCfg = Debug|Any CPU
		{A1F2409B-047E-4D0F-9B91-DBA68E4A7543}.Debug|Any CPU.Build.0 = Debug|Any CPU
		{A1F2409B-047E-4D0F-9B91-DBA68E4A7543}.Release|Any CPU.ActiveCfg = Release|Any CPU
		{A1F2409B-047E-4D0F-9B91-DBA68E4A7543}.Release|Any CPU.Build.0 = Release|Any CPU
	EndGlobalSection
EndGlobal
